
Microsoft Visual Studio Solution File, Format Version 12.00
# Visual Studio Version 17
VisualStudioVersion = 17.5.33516.290
MinimumVisualStudioVersion = 10.0.40219.1
Project("{FAE04EC0-301F-11D3-BF4B-00C04F79EFBC}") = "cadastroempresa", "cadastroempresa\cadastroempresa.csproj", "{DCD625F2-5E5F-4FD3-BAD5-F0401F137C79}"
EndProject
Global
	GlobalSection(SolutionConfigurationPlatforms) = preSolution
		Debug|Any CPU = Debug|Any CPU
		Release|Any CPU = Release|Any CPU
	EndGlobalSection
	GlobalSection(ProjectConfigurationPlatforms) = postSolution
		{DCD625F2-5E5F-4FD3-BAD5-F0401F137C79}.Debug|Any CPU.ActiveCfg = Debug|Any CPU
		{DCD625F2-5E5F-4FD3-BAD5-F0401F137C79}.Debug|Any CPU.Build.0 = Debug|Any CPU
		{DCD625F2-5E5F-4FD3-BAD5-F0401F137C79}.Release|Any CPU.ActiveCfg = Release|Any CPU
		{DCD625F2-5E5F-4FD3-BAD5-F0401F137C79}.Release|Any CPU.Build.0 = Release|Any CPU
	EndGlobalSection
	GlobalSection(SolutionProperties) = preSolution
		HideSolutionNode = FALSE
	EndGlobalSection
	GlobalSection(ExtensibilityGlobals) = postSolution
		SolutionGuid = {A8B545AD-9CF6-447B-A189-8E81273B31CD}
	EndGlobalSection
EndGlobal
